
Microsoft Visual Studio Solution File, Format Version 12.00
# Visual Studio Version 17
VisualStudioVersion = 17.14.36401.2
MinimumVisualStudioVersion = 10.0.40219.1
Project("{FAE04EC0-301F-11D3-BF4B-00C04F79EFBC}") = "Portfolio.Web", "Portfolio.Web\Portfolio.Web.csproj", "{3B655C36-BE8D-47A0-9D1F-47A567024D6E}"
EndProject
Global
	GlobalSection(SolutionConfigurationPlatforms) = preSolution
		Debug|Any CPU = Debug|Any CPU
		Release|Any CPU = Release|Any CPU
	EndGlobalSection
	GlobalSection(ProjectConfigurationPlatforms) = postSolution
		{3B655C36-BE8D-47A0-9D1F-47A567024D6E}.Debug|Any CPU.ActiveCfg = Debug|Any CPU
		{3B655C36-BE8D-47A0-9D1F-47A567024D6E}.Debug|Any CPU.Build.0 = Debug|Any CPU
		{3B655C36-BE8D-47A0-9D1F-47A567024D6E}.Release|Any CPU.ActiveCfg = Release|Any CPU
		{3B655C36-BE8D-47A0-9D1F-47A567024D6E}.Release|Any CPU.Build.0 = Release|Any CPU
	EndGlobalSection
	GlobalSection(SolutionProperties) = preSolution
		HideSolutionNode = FALSE
	EndGlobalSection
	GlobalSection(ExtensibilityGlobals) = postSolution
		SolutionGuid = {D3E3222B-69FA-4648-B110-D68B37DA9FC6}
	EndGlobalSection
EndGlobal
